
Microsoft Visual Studio Solution File, Format Version 12.00
# Visual Studio Version 17
VisualStudioVersion = 17.7.34024.191
MinimumVisualStudioVersion = 10.0.40219.1
Project("{9A19103F-16F7-4668-BE54-9A1E7A4F7556}") = "Csharp_Project", "Csharp_Project.csproj", "{D4000CC8-56A1-4095-B039-B89815BEFE25}"
EndProject
Project("{FAE04EC0-301F-11D3-BF4B-00C04F79EFBC}") = "DAL", "..\DAL\DAL.csproj", "{1109CA6C-D988-4AA4-9D80-772BC1A613F6}"
EndProject
Project("{FAE04EC0-301F-11D3-BF4B-00C04F79EFBC}") = "BLL", "..\BLL\BLL.csproj", "{302DFAB8-B65B-4FFA-9E02-EBC217FE2073}"
EndProject
Global
	GlobalSection(SolutionConfigurationPlatforms) = preSolution
		Debug|Any CPU = Debug|Any CPU
		Release|Any CPU = Release|Any CPU
	EndGlobalSection
	GlobalSection(ProjectConfigurationPlatforms) = postSolution
		{D4000CC8-56A1-4095-B039-B89815BEFE25}.Debug|Any CPU.ActiveCfg = Debug|Any CPU
		{D4000CC8-56A1-4095-B039-B89815BEFE25}.Debug|Any CPU.Build.0 = Debug|Any CPU
		{D4000CC8-56A1-4095-B039-B89815BEFE25}.Release|Any CPU.ActiveCfg = Release|Any CPU
		{D4000CC8-56A1-4095-B039-B89815BEFE25}.Release|Any CPU.Build.0 = Release|Any CPU
		{1109CA6C-D988-4AA4-9D80-772BC1A613F6}.Debug|Any CPU.ActiveCfg = Debug|Any CPU
		{1109CA6C-D988-4AA4-9D80-772BC1A613F6}.Debug|Any CPU.Build.0 = Debug|Any CPU
		{1109CA6C-D988-4AA4-9D80-772BC1A613F6}.Release|Any CPU.ActiveCfg = Release|Any CPU
		{1109CA6C-D988-4AA4-9D80-772BC1A613F6}.Release|Any CPU.Build.0 = Release|Any CPU
		{302DFAB8-B65B-4FFA-9E02-EBC217FE2073}.Debug|Any CPU.ActiveCfg = Debug|Any CPU
		{302DFAB8-B65B-4FFA-9E02-EBC217FE2073}.Debug|Any CPU.Build.0 = Debug|Any CPU
		{302DFAB8-B65B-4FFA-9E02-EBC217FE2073}.Release|Any CPU.ActiveCfg = Release|Any CPU
		{302DFAB8-B65B-4FFA-9E02-EBC217FE2073}.Release|Any CPU.Build.0 = Release|Any CPU
	EndGlobalSection
	GlobalSection(SolutionProperties) = preSolution
		HideSolutionNode = FALSE
	EndGlobalSection
	GlobalSection(ExtensibilityGlobals) = postSolution
		SolutionGuid = {83287135-B82B-4160-80C1-E50BA671C77D}
	EndGlobalSection
EndGlobal
